
Microsoft Visual Studio Solution File, Format Version 12.00
# Visual Studio 2013
VisualStudioVersion = 12.0.40629.0
MinimumVisualStudioVersion = 10.0.40219.1
Project("{FAE04EC0-301F-11D3-BF4B-00C04F79EFBC}") = "Todo.Api", "Todo.Api\Todo.Api.csproj", "{88B0A31A-C6D5-4072-B8B4-A8DA07843B7B}"
EndProject
Project("{070BCB52-5A75-4F8C-A973-144AF0EAFCC9}") = "Todo.App", "Todo.App\Todo.App.iceproj", "{23D0F0D0-2054-4051-8A9F-9E0DF5D87FC3}"
EndProject
Project("{A81B4A23-AF18-4B01-8944-84D6FB3D4B47}") = "TodoPro.App", "TodoPro.App\TodoPro.App.iceproj", "{0637D1F9-F4EA-4EED-B413-0B81A654F7A6}"
EndProject
Project("{2150E333-8FDC-42A3-9474-1A3956D46DE8}") = ".nuget", ".nuget", "{A788228F-1B74-4C30-8EB1-3DC1BE677AA3}"
	ProjectSection(SolutionItems) = preProject
		.nuget\NuGet.Config = .nuget\NuGet.Config
		.nuget\NuGet.exe = .nuget\NuGet.exe
		.nuget\NuGet.targets = .nuget\NuGet.targets
	EndProjectSection
EndProject
Global
	GlobalSection(SolutionConfigurationPlatforms) = preSolution
		Debug|Any CPU = Debug|Any CPU
		Release|Any CPU = Release|Any CPU
	EndGlobalSection
	GlobalSection(ProjectConfigurationPlatforms) = postSolution
		{88B0A31A-C6D5-4072-B8B4-A8DA07843B7B}.Debug|Any CPU.ActiveCfg = Debug|Any CPU
		{88B0A31A-C6D5-4072-B8B4-A8DA07843B7B}.Debug|Any CPU.Build.0 = Debug|Any CPU
		{88B0A31A-C6D5-4072-B8B4-A8DA07843B7B}.Release|Any CPU.ActiveCfg = Release|Any CPU
		{88B0A31A-C6D5-4072-B8B4-A8DA07843B7B}.Release|Any CPU.Build.0 = Release|Any CPU
		{23D0F0D0-2054-4051-8A9F-9E0DF5D87FC3}.Debug|Any CPU.ActiveCfg = Debug|Any CPU
		{23D0F0D0-2054-4051-8A9F-9E0DF5D87FC3}.Debug|Any CPU.Build.0 = Debug|Any CPU
		{23D0F0D0-2054-4051-8A9F-9E0DF5D87FC3}.Release|Any CPU.ActiveCfg = Release|Any CPU
		{23D0F0D0-2054-4051-8A9F-9E0DF5D87FC3}.Release|Any CPU.Build.0 = Release|Any CPU
		{0637D1F9-F4EA-4EED-B413-0B81A654F7A6}.Debug|Any CPU.ActiveCfg = Debug|Any CPU
		{0637D1F9-F4EA-4EED-B413-0B81A654F7A6}.Debug|Any CPU.Build.0 = Debug|Any CPU
		{0637D1F9-F4EA-4EED-B413-0B81A654F7A6}.Release|Any CPU.ActiveCfg = Release|Any CPU
		{0637D1F9-F4EA-4EED-B413-0B81A654F7A6}.Release|Any CPU.Build.0 = Release|Any CPU
	EndGlobalSection
	GlobalSection(SolutionProperties) = preSolution
		HideSolutionNode = FALSE
	EndGlobalSection
EndGlobal
